
Microsoft Visual Studio Solution File, Format Version 12.00
# Visual Studio Version 17
VisualStudioVersion = 17.4.33122.133
MinimumVisualStudioVersion = 10.0.40219.1
Project("{FAE04EC0-301F-11D3-BF4B-00C04F79EFBC}") = "MVCBlogSitesi", "MVCBlogSitesi\MVCBlogSitesi.csproj", "{FE20DF70-5989-484A-8E28-46C136AB7DA3}"
EndProject
Global
	GlobalSection(SolutionConfigurationPlatforms) = preSolution
		Debug|Any CPU = Debug|Any CPU
		Release|Any CPU = Release|Any CPU
	EndGlobalSection
	GlobalSection(ProjectConfigurationPlatforms) = postSolution
		{FE20DF70-5989-484A-8E28-46C136AB7DA3}.Debug|Any CPU.ActiveCfg = Debug|Any CPU
		{FE20DF70-5989-484A-8E28-46C136AB7DA3}.Debug|Any CPU.Build.0 = Debug|Any CPU
		{FE20DF70-5989-484A-8E28-46C136AB7DA3}.Release|Any CPU.ActiveCfg = Release|Any CPU
		{FE20DF70-5989-484A-8E28-46C136AB7DA3}.Release|Any CPU.Build.0 = Release|Any CPU
	EndGlobalSection
	GlobalSection(SolutionProperties) = preSolution
		HideSolutionNode = FALSE
	EndGlobalSection
	GlobalSection(ExtensibilityGlobals) = postSolution
		SolutionGuid = {97648170-5B04-498C-B8AC-7FEFC3ECBCC7}
	EndGlobalSection
EndGlobal
